
Microsoft Visual Studio Solution File, Format Version 12.00
# Visual Studio Version 16
VisualStudioVersion = 16.0.30114.105
MinimumVisualStudioVersion = 10.0.40219.1
Project("{FAE04EC0-301F-11D3-BF4B-00C04F79EFBC}") = "API", "API\API.csproj", "{E4A15892-738F-4A15-8182-39499777CFCB}"
EndProject
Project("{FAE04EC0-301F-11D3-BF4B-00C04F79EFBC}") = "Persistence", "Persistence\Persistence.csproj", "{EC1A4512-C910-4A6D-BD06-6067AA809794}"
EndProject
Project("{FAE04EC0-301F-11D3-BF4B-00C04F79EFBC}") = "Domain", "Domain\Domain.csproj", "{186FE2F0-84F3-446C-B849-24849129D0AE}"
EndProject
Project("{FAE04EC0-301F-11D3-BF4B-00C04F79EFBC}") = "Application", "Application\Application.csproj", "{826B1486-4F09-4DE7-B694-971ADFD4AF01}"
EndProject
Project("{FAE04EC0-301F-11D3-BF4B-00C04F79EFBC}") = "Infrastructure", "Infrastructure\Infrastructure.csproj", "{29D2D5F3-F3E9-4F2A-977E-7A455D971845}"
EndProject
Global
	GlobalSection(SolutionConfigurationPlatforms) = preSolution
		Debug|Any CPU = Debug|Any CPU
		Debug|x64 = Debug|x64
		Debug|x86 = Debug|x86
		Release|Any CPU = Release|Any CPU
		Release|x64 = Release|x64
		Release|x86 = Release|x86
	EndGlobalSection
	GlobalSection(SolutionProperties) = preSolution
		HideSolutionNode = FALSE
	EndGlobalSection
	GlobalSection(ProjectConfigurationPlatforms) = postSolution
		{E4A15892-738F-4A15-8182-39499777CFCB}.Debug|Any CPU.ActiveCfg = Debug|Any CPU
		{E4A15892-738F-4A15-8182-39499777CFCB}.Debug|Any CPU.Build.0 = Debug|Any CPU
		{E4A15892-738F-4A15-8182-39499777CFCB}.Debug|x64.ActiveCfg = Debug|Any CPU
		{E4A15892-738F-4A15-8182-39499777CFCB}.Debug|x64.Build.0 = Debug|Any CPU
		{E4A15892-738F-4A15-8182-39499777CFCB}.Debug|x86.ActiveCfg = Debug|Any CPU
		{E4A15892-738F-4A15-8182-39499777CFCB}.Debug|x86.Build.0 = Debug|Any CPU
		{E4A15892-738F-4A15-8182-39499777CFCB}.Release|Any CPU.ActiveCfg = Release|Any CPU
		{E4A15892-738F-4A15-8182-39499777CFCB}.Release|Any CPU.Build.0 = Release|Any CPU
		{E4A15892-738F-4A15-8182-39499777CFCB}.Release|x64.ActiveCfg = Release|Any CPU
		{E4A15892-738F-4A15-8182-39499777CFCB}.Release|x64.Build.0 = Release|Any CPU
		{E4A15892-738F-4A15-8182-39499777CFCB}.Release|x86.ActiveCfg = Release|Any CPU
		{E4A15892-738F-4A15-8182-39499777CFCB}.Release|x86.Build.0 = Release|Any CPU
		{EC1A4512-C910-4A6D-BD06-6067AA809794}.Debug|Any CPU.ActiveCfg = Debug|Any CPU
		{EC1A4512-C910-4A6D-BD06-6067AA809794}.Debug|Any CPU.Build.0 = Debug|Any CPU
		{EC1A4512-C910-4A6D-BD06-6067AA809794}.Debug|x64.ActiveCfg = Debug|Any CPU
		{EC1A4512-C910-4A6D-BD06-6067AA809794}.Debug|x64.Build.0 = Debug|Any CPU
		{EC1A4512-C910-4A6D-BD06-6067AA809794}.Debug|x86.ActiveCfg = Debug|Any CPU
		{EC1A4512-C910-4A6D-BD06-6067AA809794}.Debug|x86.Build.0 = Debug|Any CPU
		{EC1A4512-C910-4A6D-BD06-6067AA809794}.Release|Any CPU.ActiveCfg = Release|Any CPU
		{EC1A4512-C910-4A6D-BD06-6067AA809794}.Release|Any CPU.Build.0 = Release|Any CPU
		{EC1A4512-C910-4A6D-BD06-6067AA809794}.Release|x64.ActiveCfg = Release|Any CPU
		{EC1A4512-C910-4A6D-BD06-6067AA809794}.Release|x64.Build.0 = Release|Any CPU
		{EC1A4512-C910-4A6D-BD06-6067AA809794}.Release|x86.ActiveCfg = Release|Any CPU
		{EC1A4512-C910-4A6D-BD06-6067AA809794}.Release|x86.Build.0 = Release|Any CPU
		{186FE2F0-84F3-446C-B849-24849129D0AE}.Debug|Any CPU.ActiveCfg = Debug|Any CPU
		{186FE2F0-84F3-446C-B849-24849129D0AE}.Debug|Any CPU.Build.0 = Debug|Any CPU
		{186FE2F0-84F3-446C-B849-24849129D0AE}.Debug|x64.ActiveCfg = Debug|Any CPU
		{186FE2F0-84F3-446C-B849-24849129D0AE}.Debug|x64.Build.0 = Debug|Any CPU
		{186FE2F0-84F3-446C-B849-24849129D0AE}.Debug|x86.ActiveCfg = Debug|Any CPU
		{186FE2F0-84F3-446C-B849-24849129D0AE}.Debug|x86.Build.0 = Debug|Any CPU
		{186FE2F0-84F3-446C-B849-24849129D0AE}.Release|Any CPU.ActiveCfg = Release|Any CPU
		{186FE2F0-84F3-446C-B849-24849129D0AE}.Release|Any CPU.Build.0 = Release|Any CPU
		{186FE2F0-84F3-446C-B849-24849129D0AE}.Release|x64.ActiveCfg = Release|Any CPU
		{186FE2F0-84F3-446C-B849-24849129D0AE}.Release|x64.Build.0 = Release|Any CPU
		{186FE2F0-84F3-446C-B849-24849129D0AE}.Release|x86.ActiveCfg = Release|Any CPU
		{186FE2F0-84F3-446C-B849-24849129D0AE}.Release|x86.Build.0 = Release|Any CPU
		{826B1486-4F09-4DE7-B694-971ADFD4AF01}.Debug|Any CPU.ActiveCfg = Debug|Any CPU
		{826B1486-4F09-4DE7-B694-971ADFD4AF01}.Debug|Any CPU.Build.0 = Debug|Any CPU
		{826B1486-4F09-4DE7-B694-971ADFD4AF01}.Debug|x64.ActiveCfg = Debug|Any CPU
		{826B1486-4F09-4DE7-B694-971ADFD4AF01}.Debug|x64.Build.0 = Debug|Any CPU
		{826B1486-4F09-4DE7-B694-971ADFD4AF01}.Debug|x86.ActiveCfg = Debug|Any CPU
		{826B1486-4F09-4DE7-B694-971ADFD4AF01}.Debug|x86.Build.0 = Debug|Any CPU
		{826B1486-4F09-4DE7-B694-971ADFD4AF01}.Release|Any CPU.ActiveCfg = Release|Any CPU
		{826B1486-4F09-4DE7-B694-971ADFD4AF01}.Release|Any CPU.Build.0 = Release|Any CPU
		{826B1486-4F09-4DE7-B694-971ADFD4AF01}.Release|x64.ActiveCfg = Release|Any CPU
		{826B1486-4F09-4DE7-B694-971ADFD4AF01}.Release|x64.Build.0 = Release|Any CPU
		{826B1486-4F09-4DE7-B694-971ADFD4AF01}.Release|x86.ActiveCfg = Release|Any CPU
		{826B1486-4F09-4DE7-B694-971ADFD4AF01}.Release|x86.Build.0 = Release|Any CPU
		{29D2D5F3-F3E9-4F2A-977E-7A455D971845}.Debug|Any CPU.ActiveCfg = Debug|Any CPU
		{29D2D5F3-F3E9-4F2A-977E-7A455D971845}.Debug|Any CPU.Build.0 = Debug|Any CPU
		{29D2D5F3-F3E9-4F2A-977E-7A455D971845}.Debug|x64.ActiveCfg = Debug|Any CPU
		{29D2D5F3-F3E9-4F2A-977E-7A455D971845}.Debug|x64.Build.0 = Debug|Any CPU
		{29D2D5F3-F3E9-4F2A-977E-7A455D971845}.Debug|x86.ActiveCfg = Debug|Any CPU
		{29D2D5F3-F3E9-4F2A-977E-7A455D971845}.Debug|x86.Build.0 = Debug|Any CPU
		{29D2D5F3-F3E9-4F2A-977E-7A455D971845}.Release|Any CPU.ActiveCfg = Release|Any CPU
		{29D2D5F3-F3E9-4F2A-977E-7A455D971845}.Release|Any CPU.Build.0 = Release|Any CPU
		{29D2D5F3-F3E9-4F2A-977E-7A455D971845}.Release|x64.ActiveCfg = Release|Any CPU
		{29D2D5F3-F3E9-4F2A-977E-7A455D971845}.Release|x64.Build.0 = Release|Any CPU
		{29D2D5F3-F3E9-4F2A-977E-7A455D971845}.Release|x86.ActiveCfg = Release|Any CPU
		{29D2D5F3-F3E9-4F2A-977E-7A455D971845}.Release|x86.Build.0 = Release|Any CPU
	EndGlobalSection
EndGlobal
